# This file is automatically @generated by Poetry and should not be changed by hand.

[[package]]
name = "async-timeout"
version = "4.0.2"
description = "Timeout context manager for asyncio programs"
category = "main"
optional = false
python-versions = ">=3.6"
files = [
    {file = "async-timeout-4.0.2.tar.gz", hash = "sha256:2163e1640ddb52b7a8c80d0a67a08587e5d245cc9c553a74a847056bc2976b15"},
    {file = "async_timeout-4.0.2-py3-none-any.whl", hash = "sha256:8ca1e4fcf50d07413d66d1a5e416e42cfdf5851c981d679a09851a6853383b3c"},
]

[[package]]
name = "redis"
version = "4.4.4"
description = "Python client for Redis database and key-value store"
category = "main"
optional = false
python-versions = ">=3.7"
files = [
    {file = "redis-4.4.4-py3-none-any.whl", hash = "sha256:da92a39fec86438d3f1e2a1db33c312985806954fe860120b582a8430e231d8f"},
    {file = "redis-4.4.4.tar.gz", hash = "sha256:68226f7ede928db8302f29ab088a157f41061fa946b7ae865452b6d7838bbffb"},
]

[package.dependencies]
async-timeout = ">=4.0.2"

[package.extras]
hiredis = ["hiredis (>=1.0.0)"]
ocsp = ["cryptography (>=36.0.1)", "pyopenssl (==20.0.1)", "requests (>=2.26.0)"]

[metadata]
lock-version = "2.0"
python-versions = "^3.8"
content-hash = "8d5f8c686a6f38f6b564b2217d917fa954172cc71fe42dae50d57bf7a925813e"
