# This file is automatically @generated by Poetry and should not be changed by hand.

[[package]]
name = "async-timeout"
version = "4.0.2"
description = "Timeout context manager for asyncio programs"
category = "main"
optional = false
python-versions = ">=3.6"
files = [
    {file = "async-timeout-4.0.2.tar.gz", hash = "sha256:2163e1640ddb52b7a8c80d0a67a08587e5d245cc9c553a74a847056bc2976b15"},
    {file = "async_timeout-4.0.2-py3-none-any.whl", hash = "sha256:8ca1e4fcf50d07413d66d1a5e416e42cfdf5851c981d679a09851a6853383b3c"},
]

[[package]]
name = "redis"
version = "4.5.3"
description = "Python client for Redis database and key-value store"
category = "main"
optional = false
python-versions = ">=3.7"
files = [
    {file = "redis-4.5.3-py3-none-any.whl", hash = "sha256:7df17a0a2b72a4c8895b462dd07616c51b1dcb48fdd7ecb7b6f4bf39ecb2e94e"},
    {file = "redis-4.5.3.tar.gz", hash = "sha256:56732e156fe31801c4f43396bd3ca0c2a7f6f83d7936798531b9848d103381aa"},
]

[package.dependencies]
async-timeout = {version = ">=4.0.2", markers = "python_version < \"3.11\""}

[package.extras]
hiredis = ["hiredis (>=1.0.0)"]
ocsp = ["cryptography (>=36.0.1)", "pyopenssl (==20.0.1)", "requests (>=2.26.0)"]

[metadata]
lock-version = "2.0"
python-versions = "^3.8"
content-hash = "1ed87a394f92eed3e2f373247f88c9d3e4f5c3742427d84545a67d70ddcbd8b0"
